
Microsoft Visual Studio Solution File, Format Version 12.00
# Visual Studio Version 17
VisualStudioVersion = 17.8.34316.72
MinimumVisualStudioVersion = 10.0.40219.1
Project("{9A19103F-16F7-4668-BE54-9A1E7A4F7556}") = "Sorter", "Sort\Sorter.csproj", "{8704DFB5-AD05-474E-84CB-7BC81D44B5BD}"
EndProject
Project("{FAE04EC0-301F-11D3-BF4B-00C04F79EFBC}") = "TestLib", "TestLib\TestLib.csproj", "{69A40478-0FE7-435F-A1F9-F87A54B7D905}"
EndProject
Global
	GlobalSection(SolutionConfigurationPlatforms) = preSolution
		Debug|Any CPU = Debug|Any CPU
		Release|Any CPU = Release|Any CPU
	EndGlobalSection
	GlobalSection(ProjectConfigurationPlatforms) = postSolution
		{8704DFB5-AD05-474E-84CB-7BC81D44B5BD}.Debug|Any CPU.ActiveCfg = Debug|Any CPU
		{8704DFB5-AD05-474E-84CB-7BC81D44B5BD}.Debug|Any CPU.Build.0 = Debug|Any CPU
		{8704DFB5-AD05-474E-84CB-7BC81D44B5BD}.Release|Any CPU.ActiveCfg = Release|Any CPU
		{8704DFB5-AD05-474E-84CB-7BC81D44B5BD}.Release|Any CPU.Build.0 = Release|Any CPU
		{69A40478-0FE7-435F-A1F9-F87A54B7D905}.Debug|Any CPU.ActiveCfg = Debug|Any CPU
		{69A40478-0FE7-435F-A1F9-F87A54B7D905}.Debug|Any CPU.Build.0 = Debug|Any CPU
		{69A40478-0FE7-435F-A1F9-F87A54B7D905}.Release|Any CPU.ActiveCfg = Release|Any CPU
		{69A40478-0FE7-435F-A1F9-F87A54B7D905}.Release|Any CPU.Build.0 = Release|Any CPU
	EndGlobalSection
	GlobalSection(SolutionProperties) = preSolution
		HideSolutionNode = FALSE
	EndGlobalSection
	GlobalSection(ExtensibilityGlobals) = postSolution
		SolutionGuid = {6AEB45DA-FC38-4BC7-BB24-88E798835D41}
	EndGlobalSection
EndGlobal
